
Microsoft Visual Studio Solution File, Format Version 12.00
# Visual Studio 15
VisualStudioVersion = 15.0.26730.16
MinimumVisualStudioVersion = 10.0.40219.1
Project("{2150E333-8FDC-42A3-9474-1A3956D46DE8}") = "02-Simple-Object-Test", "02-Simple-Object-Test", "{300BF153-AF24-49CC-96D8-56866597299D}"
EndProject
Project("{2150E333-8FDC-42A3-9474-1A3956D46DE8}") = "answers", "answers", "{52C7DE37-485C-4B50-9DEA-FD2DBF5D5886}"
EndProject
Project("{2150E333-8FDC-42A3-9474-1A3956D46DE8}") = "Tests", "Tests", "{EB3522FF-3A53-479C-82B1-94467922926A}"
EndProject
Project("{2150E333-8FDC-42A3-9474-1A3956D46DE8}") = "03-Hand", "03-Hand", "{44F73B34-C050-4CE5-96AB-9D6BD057D70A}"
EndProject
Project("{2150E333-8FDC-42A3-9474-1A3956D46DE8}") = "answers", "answers", "{C0631DC3-811E-45CD-B489-925FA765FA6E}"
EndProject
Project("{2150E333-8FDC-42A3-9474-1A3956D46DE8}") = "first-pass", "first-pass", "{70426E98-DC05-41C9-8F1C-FA3601365423}"
EndProject
Project("{2150E333-8FDC-42A3-9474-1A3956D46DE8}") = "refactored", "refactored", "{1317599B-A452-48A8-8F64-672505222B56}"
EndProject
Project("{2150E333-8FDC-42A3-9474-1A3956D46DE8}") = "Tests", "Tests", "{A97E6D6B-A2F8-49A4-AE96-3EC59D7BCDAA}"
EndProject
Project("{2150E333-8FDC-42A3-9474-1A3956D46DE8}") = "Tests", "Tests", "{F62B31BF-28EA-42FB-8DF0-2413D0B6FBA2}"
EndProject
Project("{2150E333-8FDC-42A3-9474-1A3956D46DE8}") = "04-Pairs", "04-Pairs", "{10F67A13-9CF4-4556-893A-BA0FFCBF9D45}"
EndProject
Project("{2150E333-8FDC-42A3-9474-1A3956D46DE8}") = "answers", "answers", "{F94D8BFD-617C-4D8C-8BDC-35A93D3C3933}"
EndProject
Project("{2150E333-8FDC-42A3-9474-1A3956D46DE8}") = "first-pass", "first-pass", "{D4E2F928-13C8-4C78-B8E8-6EBF46A9C342}"
EndProject
Project("{2150E333-8FDC-42A3-9474-1A3956D46DE8}") = "refactored", "refactored", "{3B7500A2-EFE9-44E7-84D6-78407E1C204A}"
EndProject
Project("{2150E333-8FDC-42A3-9474-1A3956D46DE8}") = "Tests", "Tests", "{25C22D42-40E2-4849-9EA4-3D0C4500082F}"
EndProject
Project("{2150E333-8FDC-42A3-9474-1A3956D46DE8}") = "Tests", "Tests", "{2DA20E22-E3D4-4CD1-A5E8-76B2DEF9E615}"
EndProject
Project("{2150E333-8FDC-42A3-9474-1A3956D46DE8}") = "05-Sequences", "05-Sequences", "{AACA39B8-31DC-4E62-9170-87BB0B89124B}"
EndProject
Project("{2150E333-8FDC-42A3-9474-1A3956D46DE8}") = "answers", "answers", "{4BCDF421-69B7-4865-8770-C3537EFB43DF}"
EndProject
Project("{2150E333-8FDC-42A3-9474-1A3956D46DE8}") = "first-pass", "first-pass", "{A693F28A-8D12-402F-999D-4A645D3D6A63}"
EndProject
Project("{2150E333-8FDC-42A3-9474-1A3956D46DE8}") = "refactored", "refactored", "{326C943F-A0D5-4EB8-ADA1-6FF1A1CF2274}"
EndProject
Project("{2150E333-8FDC-42A3-9474-1A3956D46DE8}") = "Tests", "Tests", "{10D4F9F0-3EE6-4EEC-A63F-D1D4803CE793}"
EndProject
Project("{2150E333-8FDC-42A3-9474-1A3956D46DE8}") = "Tests", "Tests", "{0DFDA6ED-BFC8-42E6-ABFA-967C8EDA7F8A}"
EndProject
Project("{2150E333-8FDC-42A3-9474-1A3956D46DE8}") = "06-Functional-refactor", "06-Functional-refactor", "{A99509D7-DC39-4847-8C1D-7EB0CC563785}"
EndProject
Project("{2150E333-8FDC-42A3-9474-1A3956D46DE8}") = "answers", "answers", "{AAC8738A-07E7-4E0D-8C52-58CE49239218}"
EndProject
Project("{2150E333-8FDC-42A3-9474-1A3956D46DE8}") = "Tests", "Tests", "{412CDA44-B28D-4DCA-827E-01A3CFCF625A}"
EndProject
Project("{D954291E-2A0B-460D-934E-DC6B0785DB48}") = "answers", "02-Simple-Object-Test\answers\answers.shproj", "{16695C39-CA06-42A7-BC67-367ABCE43B41}"
EndProject
Project("{D954291E-2A0B-460D-934E-DC6B0785DB48}") = "answers", "06-Functional-refactor\answers\answers.shproj", "{F3E15BB1-CA1B-4696-8686-B22A661AFC5D}"
EndProject
Project("{D954291E-2A0B-460D-934E-DC6B0785DB48}") = "Tests", "02-Simple-Object-Test\answers\Tests\Tests.shproj", "{E20EE78B-23A2-48E3-B815-07AEE208B1BA}"
EndProject
Project("{D954291E-2A0B-460D-934E-DC6B0785DB48}") = "Tests", "03-Hand\answers\first-pass\Tests\Tests.shproj", "{697F6003-48FF-41F3-B7C6-4845C0ABDCBF}"
EndProject
Project("{D954291E-2A0B-460D-934E-DC6B0785DB48}") = "Tests", "03-Hand\answers\refactored\Tests\Tests.shproj", "{FAC4FE8E-A4C1-490F-87AE-8F82EFE780A3}"
EndProject
Project("{D954291E-2A0B-460D-934E-DC6B0785DB48}") = "first-pass", "03-Hand\answers\first-pass\first-pass.shproj", "{2D6E9E05-D3F9-4ACB-8AF7-70A79C713D44}"
EndProject
Project("{D954291E-2A0B-460D-934E-DC6B0785DB48}") = "refactored", "03-Hand\answers\refactored\refactored.shproj", "{8CF3E464-02A5-4E1C-9C89-0DD2658C06B9}"
EndProject
Project("{D954291E-2A0B-460D-934E-DC6B0785DB48}") = "first-pass", "04-Pairs\answers\first-pass\first-pass.shproj", "{7947E4EC-66D5-416C-89E5-57A28B0EC4DF}"
EndProject
Project("{D954291E-2A0B-460D-934E-DC6B0785DB48}") = "Tests", "04-Pairs\answers\first-pass\Tests\Tests.shproj", "{5CBEE4D0-820A-4D87-B173-6F53340E9D80}"
EndProject
Project("{D954291E-2A0B-460D-934E-DC6B0785DB48}") = "refactored", "04-Pairs\answers\refactored\refactored.shproj", "{D0EB50AD-D9A7-4C44-B7ED-07FDDED12074}"
EndProject
Project("{D954291E-2A0B-460D-934E-DC6B0785DB48}") = "Tests", "04-Pairs\answers\refactored\Tests\Tests.shproj", "{787D3DE0-7026-4F57-AFA4-748C9B5C07A8}"
EndProject
Project("{D954291E-2A0B-460D-934E-DC6B0785DB48}") = "first-pass", "05-Sequences\answers\first-pass\first-pass.shproj", "{E4AE5EC2-F435-4158-9313-9B34FA81361C}"
EndProject
Project("{D954291E-2A0B-460D-934E-DC6B0785DB48}") = "Tests", "05-Sequences\answers\first-pass\Tests\Tests.shproj", "{73B725C8-5B5C-487A-A8FA-4E9EAB5A677E}"
EndProject
Project("{D954291E-2A0B-460D-934E-DC6B0785DB48}") = "refactored", "05-Sequences\answers\refactored\refactored.shproj", "{65CAEEFD-13BD-4BF9-8D00-529C87389075}"
EndProject
Project("{D954291E-2A0B-460D-934E-DC6B0785DB48}") = "Tests", "05-Sequences\answers\refactored\Tests\Tests.shproj", "{132F5D5A-1DA1-41F2-98B1-C6C503868BEB}"
EndProject
Project("{D954291E-2A0B-460D-934E-DC6B0785DB48}") = "Tests", "06-Functional-refactor\answers\Tests\Tests.shproj", "{11F1A054-E5DE-4CD8-89BB-F3B0C3BF226B}"
EndProject
Project("{FAE04EC0-301F-11D3-BF4B-00C04F79EFBC}") = "answersDotNetCore", "02-Simple-Object-Test\answers\answersDotNetCore\answersDotNetCore.csproj", "{29A67226-E0A8-42AE-9BAC-234E995DD8A7}"
EndProject
Project("{FAE04EC0-301F-11D3-BF4B-00C04F79EFBC}") = "TestsDotNetCore", "02-Simple-Object-Test\answers\Tests\TestsDotNetCore\TestsDotNetCore.csproj", "{473BF9E6-B235-41C6-A4BD-C6302AD0D68F}"
EndProject
Global
	GlobalSection(SharedMSBuildProjectFiles) = preSolution
		06-Functional-refactor\answers\Tests\Tests.projitems*{11f1a054-e5de-4cd8-89bb-f3b0c3bf226b}*SharedItemsImports = 13
		05-Sequences\answers\refactored\Tests\Tests.projitems*{132f5d5a-1da1-41f2-98b1-c6c503868beb}*SharedItemsImports = 13
		02-Simple-Object-Test\answers\answers.projitems*{16695c39-ca06-42a7-bc67-367abce43b41}*SharedItemsImports = 13
		03-Hand\answers\first-pass\first-pass.projitems*{2d6e9e05-d3f9-4acb-8af7-70a79c713d44}*SharedItemsImports = 13
		04-Pairs\answers\first-pass\Tests\Tests.projitems*{5cbee4d0-820a-4d87-b173-6f53340e9d80}*SharedItemsImports = 13
		05-Sequences\answers\refactored\refactored.projitems*{65caeefd-13bd-4bf9-8d00-529c87389075}*SharedItemsImports = 13
		03-Hand\answers\first-pass\Tests\Tests.projitems*{697f6003-48ff-41f3-b7c6-4845c0abdcbf}*SharedItemsImports = 13
		05-Sequences\answers\first-pass\Tests\Tests.projitems*{73b725c8-5b5c-487a-a8fa-4e9eab5a677e}*SharedItemsImports = 13
		04-Pairs\answers\refactored\Tests\Tests.projitems*{787d3de0-7026-4f57-afa4-748c9b5c07a8}*SharedItemsImports = 13
		04-Pairs\answers\first-pass\first-pass.projitems*{7947e4ec-66d5-416c-89e5-57a28b0ec4df}*SharedItemsImports = 13
		03-Hand\answers\refactored\refactored.projitems*{8cf3e464-02a5-4e1c-9c89-0dd2658c06b9}*SharedItemsImports = 13
		04-Pairs\answers\refactored\refactored.projitems*{d0eb50ad-d9a7-4c44-b7ed-07fdded12074}*SharedItemsImports = 13
		02-Simple-Object-Test\answers\Tests\Tests.projitems*{e20ee78b-23a2-48e3-b815-07aee208b1ba}*SharedItemsImports = 13
		05-Sequences\answers\first-pass\first-pass.projitems*{e4ae5ec2-f435-4158-9313-9b34fa81361c}*SharedItemsImports = 13
		06-Functional-refactor\answers\answers.projitems*{f3e15bb1-ca1b-4696-8686-b22a661afc5d}*SharedItemsImports = 13
		03-Hand\answers\refactored\Tests\Tests.projitems*{fac4fe8e-a4c1-490f-87ae-8f82efe780a3}*SharedItemsImports = 13
	EndGlobalSection
	GlobalSection(SolutionConfigurationPlatforms) = preSolution
		Debug|Any CPU = Debug|Any CPU
		Release|Any CPU = Release|Any CPU
	EndGlobalSection
	GlobalSection(ProjectConfigurationPlatforms) = postSolution
		{29A67226-E0A8-42AE-9BAC-234E995DD8A7}.Debug|Any CPU.ActiveCfg = Debug|Any CPU
		{29A67226-E0A8-42AE-9BAC-234E995DD8A7}.Debug|Any CPU.Build.0 = Debug|Any CPU
		{29A67226-E0A8-42AE-9BAC-234E995DD8A7}.Release|Any CPU.ActiveCfg = Release|Any CPU
		{29A67226-E0A8-42AE-9BAC-234E995DD8A7}.Release|Any CPU.Build.0 = Release|Any CPU
		{473BF9E6-B235-41C6-A4BD-C6302AD0D68F}.Debug|Any CPU.ActiveCfg = Debug|Any CPU
		{473BF9E6-B235-41C6-A4BD-C6302AD0D68F}.Debug|Any CPU.Build.0 = Debug|Any CPU
		{473BF9E6-B235-41C6-A4BD-C6302AD0D68F}.Release|Any CPU.ActiveCfg = Release|Any CPU
		{473BF9E6-B235-41C6-A4BD-C6302AD0D68F}.Release|Any CPU.Build.0 = Release|Any CPU
	EndGlobalSection
	GlobalSection(SolutionProperties) = preSolution
		HideSolutionNode = FALSE
	EndGlobalSection
	GlobalSection(NestedProjects) = preSolution
		{52C7DE37-485C-4B50-9DEA-FD2DBF5D5886} = {300BF153-AF24-49CC-96D8-56866597299D}
		{EB3522FF-3A53-479C-82B1-94467922926A} = {52C7DE37-485C-4B50-9DEA-FD2DBF5D5886}
		{C0631DC3-811E-45CD-B489-925FA765FA6E} = {44F73B34-C050-4CE5-96AB-9D6BD057D70A}
		{70426E98-DC05-41C9-8F1C-FA3601365423} = {C0631DC3-811E-45CD-B489-925FA765FA6E}
		{1317599B-A452-48A8-8F64-672505222B56} = {C0631DC3-811E-45CD-B489-925FA765FA6E}
		{A97E6D6B-A2F8-49A4-AE96-3EC59D7BCDAA} = {70426E98-DC05-41C9-8F1C-FA3601365423}
		{F62B31BF-28EA-42FB-8DF0-2413D0B6FBA2} = {1317599B-A452-48A8-8F64-672505222B56}
		{F94D8BFD-617C-4D8C-8BDC-35A93D3C3933} = {10F67A13-9CF4-4556-893A-BA0FFCBF9D45}
		{D4E2F928-13C8-4C78-B8E8-6EBF46A9C342} = {F94D8BFD-617C-4D8C-8BDC-35A93D3C3933}
		{3B7500A2-EFE9-44E7-84D6-78407E1C204A} = {F94D8BFD-617C-4D8C-8BDC-35A93D3C3933}
		{25C22D42-40E2-4849-9EA4-3D0C4500082F} = {D4E2F928-13C8-4C78-B8E8-6EBF46A9C342}
		{2DA20E22-E3D4-4CD1-A5E8-76B2DEF9E615} = {3B7500A2-EFE9-44E7-84D6-78407E1C204A}
		{4BCDF421-69B7-4865-8770-C3537EFB43DF} = {AACA39B8-31DC-4E62-9170-87BB0B89124B}
		{A693F28A-8D12-402F-999D-4A645D3D6A63} = {4BCDF421-69B7-4865-8770-C3537EFB43DF}
		{326C943F-A0D5-4EB8-ADA1-6FF1A1CF2274} = {4BCDF421-69B7-4865-8770-C3537EFB43DF}
		{10D4F9F0-3EE6-4EEC-A63F-D1D4803CE793} = {A693F28A-8D12-402F-999D-4A645D3D6A63}
		{0DFDA6ED-BFC8-42E6-ABFA-967C8EDA7F8A} = {326C943F-A0D5-4EB8-ADA1-6FF1A1CF2274}
		{AAC8738A-07E7-4E0D-8C52-58CE49239218} = {A99509D7-DC39-4847-8C1D-7EB0CC563785}
		{412CDA44-B28D-4DCA-827E-01A3CFCF625A} = {AAC8738A-07E7-4E0D-8C52-58CE49239218}
		{16695C39-CA06-42A7-BC67-367ABCE43B41} = {52C7DE37-485C-4B50-9DEA-FD2DBF5D5886}
		{F3E15BB1-CA1B-4696-8686-B22A661AFC5D} = {AAC8738A-07E7-4E0D-8C52-58CE49239218}
		{E20EE78B-23A2-48E3-B815-07AEE208B1BA} = {EB3522FF-3A53-479C-82B1-94467922926A}
		{697F6003-48FF-41F3-B7C6-4845C0ABDCBF} = {A97E6D6B-A2F8-49A4-AE96-3EC59D7BCDAA}
		{FAC4FE8E-A4C1-490F-87AE-8F82EFE780A3} = {F62B31BF-28EA-42FB-8DF0-2413D0B6FBA2}
		{2D6E9E05-D3F9-4ACB-8AF7-70A79C713D44} = {70426E98-DC05-41C9-8F1C-FA3601365423}
		{8CF3E464-02A5-4E1C-9C89-0DD2658C06B9} = {1317599B-A452-48A8-8F64-672505222B56}
		{7947E4EC-66D5-416C-89E5-57A28B0EC4DF} = {D4E2F928-13C8-4C78-B8E8-6EBF46A9C342}
		{5CBEE4D0-820A-4D87-B173-6F53340E9D80} = {25C22D42-40E2-4849-9EA4-3D0C4500082F}
		{D0EB50AD-D9A7-4C44-B7ED-07FDDED12074} = {3B7500A2-EFE9-44E7-84D6-78407E1C204A}
		{787D3DE0-7026-4F57-AFA4-748C9B5C07A8} = {2DA20E22-E3D4-4CD1-A5E8-76B2DEF9E615}
		{E4AE5EC2-F435-4158-9313-9B34FA81361C} = {A693F28A-8D12-402F-999D-4A645D3D6A63}
		{73B725C8-5B5C-487A-A8FA-4E9EAB5A677E} = {10D4F9F0-3EE6-4EEC-A63F-D1D4803CE793}
		{65CAEEFD-13BD-4BF9-8D00-529C87389075} = {326C943F-A0D5-4EB8-ADA1-6FF1A1CF2274}
		{132F5D5A-1DA1-41F2-98B1-C6C503868BEB} = {0DFDA6ED-BFC8-42E6-ABFA-967C8EDA7F8A}
		{11F1A054-E5DE-4CD8-89BB-F3B0C3BF226B} = {412CDA44-B28D-4DCA-827E-01A3CFCF625A}
		{29A67226-E0A8-42AE-9BAC-234E995DD8A7} = {52C7DE37-485C-4B50-9DEA-FD2DBF5D5886}
		{473BF9E6-B235-41C6-A4BD-C6302AD0D68F} = {EB3522FF-3A53-479C-82B1-94467922926A}
	EndGlobalSection
	GlobalSection(ExtensibilityGlobals) = postSolution
		SolutionGuid = {8C89BC64-5634-4121-80B6-DBD7F890D1CA}
	EndGlobalSection
EndGlobal
